// !$*UTF8*$!
{
	archiveVersion = 1;
	classes = {
	};
	objectVersion = 50;
	objects = {

/* Begin PBXBuildFile section */
		677826E025640264001326D9 /* AppDelegate.swift in Sources */ = {isa = PBXBuildFile; fileRef = 677826DF25640264001326D9 /* AppDelegate.swift */; };
		677826E225640264001326D9 /* SceneDelegate.swift in Sources */ = {isa = PBXBuildFile; fileRef = 677826E125640264001326D9 /* SceneDelegate.swift */; };
		677826E925640264001326D9 /* Assets.xcassets in Resources */ = {isa = PBXBuildFile; fileRef = 677826E825640264001326D9 /* Assets.xcassets */; };
		677826EC25640264001326D9 /* LaunchScreen.storyboard in Resources */ = {isa = PBXBuildFile; fileRef = 677826EA25640264001326D9 /* LaunchScreen.storyboard */; };
		6778271625640299001326D9 /* HomePresenter.swift in Sources */ = {isa = PBXBuildFile; fileRef = 6778270A25640299001326D9 /* HomePresenter.swift */; };
		6778271725640299001326D9 /* HomeModel.swift in Sources */ = {isa = PBXBuildFile; fileRef = 6778270C25640299001326D9 /* HomeModel.swift */; };
		6778271825640299001326D9 /* HomeView.swift in Sources */ = {isa = PBXBuildFile; fileRef = 6778270E25640299001326D9 /* HomeView.swift */; };
		6778271925640299001326D9 /* HomeView.xib in Resources */ = {isa = PBXBuildFile; fileRef = 6778270F25640299001326D9 /* HomeView.xib */; };
		6778271A25640299001326D9 /* HomeProtocols.swift in Sources */ = {isa = PBXBuildFile; fileRef = 6778271125640299001326D9 /* HomeProtocols.swift */; };
		6778271B25640299001326D9 /* HomeInteractor.swift in Sources */ = {isa = PBXBuildFile; fileRef = 6778271325640299001326D9 /* HomeInteractor.swift */; };
		6778271C25640299001326D9 /* HomeRouter.swift in Sources */ = {isa = PBXBuildFile; fileRef = 6778271525640299001326D9 /* HomeRouter.swift */; };
		DE529C9F9FABC451F55E3336 /* Pods_RxSwiftTest.framework in Frameworks */ = {isa = PBXBuildFile; fileRef = A989BF5EDB0919C5BEA6AC88 /* Pods_RxSwiftTest.framework */; };
/* End PBXBuildFile section */

/* Begin PBXFileReference section */
		127FFB647577EC102B68E459 /* Pods-RxSwiftTest.release.xcconfig */ = {isa = PBXFileReference; includeInIndex = 1; lastKnownFileType = text.xcconfig; name = "Pods-RxSwiftTest.release.xcconfig"; path = "Target Support Files/Pods-RxSwiftTest/Pods-RxSwiftTest.release.xcconfig"; sourceTree = "<group>"; };
		677826DC25640264001326D9 /* RxSwiftTest.app */ = {isa = PBXFileReference; explicitFileType = wrapper.application; includeInIndex = 0; path = RxSwiftTest.app; sourceTree = BUILT_PRODUCTS_DIR; };
		677826DF25640264001326D9 /* AppDelegate.swift */ = {isa = PBXFileReference; lastKnownFileType = sourcecode.swift; path = AppDelegate.swift; sourceTree = "<group>"; };
		677826E125640264001326D9 /* SceneDelegate.swift */ = {isa = PBXFileReference; lastKnownFileType = sourcecode.swift; path = SceneDelegate.swift; sourceTree = "<group>"; };
		677826E825640264001326D9 /* Assets.xcassets */ = {isa = PBXFileReference; lastKnownFileType = folder.assetcatalog; path = Assets.xcassets; sourceTree = "<group>"; };
		677826EB25640264001326D9 /* Base */ = {isa = PBXFileReference; lastKnownFileType = file.storyboard; name = Base; path = Base.lproj/LaunchScreen.storyboard; sourceTree = "<group>"; };
		677826ED25640264001326D9 /* Info.plist */ = {isa = PBXFileReference; lastKnownFileType = text.plist.xml; path = Info.plist; sourceTree = "<group>"; };
		6778270A25640299001326D9 /* HomePresenter.swift */ = {isa = PBXFileReference; fileEncoding = 4; lastKnownFileType = sourcecode.swift; path = HomePresenter.swift; sourceTree = "<group>"; };
		6778270C25640299001326D9 /* HomeModel.swift */ = {isa = PBXFileReference; fileEncoding = 4; lastKnownFileType = sourcecode.swift; path = HomeModel.swift; sourceTree = "<group>"; };
		6778270E25640299001326D9 /* HomeView.swift */ = {isa = PBXFileReference; fileEncoding = 4; lastKnownFileType = sourcecode.swift; path = HomeView.swift; sourceTree = "<group>"; };
		6778270F25640299001326D9 /* HomeView.xib */ = {isa = PBXFileReference; fileEncoding = 4; lastKnownFileType = file.xib; path = HomeView.xib; sourceTree = "<group>"; };
		6778271125640299001326D9 /* HomeProtocols.swift */ = {isa = PBXFileReference; fileEncoding = 4; lastKnownFileType = sourcecode.swift; path = HomeProtocols.swift; sourceTree = "<group>"; };
		6778271325640299001326D9 /* HomeInteractor.swift */ = {isa = PBXFileReference; fileEncoding = 4; lastKnownFileType = sourcecode.swift; path = HomeInteractor.swift; sourceTree = "<group>"; };
		6778271525640299001326D9 /* HomeRouter.swift */ = {isa = PBXFileReference; fileEncoding = 4; lastKnownFileType = sourcecode.swift; path = HomeRouter.swift; sourceTree = "<group>"; };
		A61986F700137CC8F5266404 /* Pods-RxSwiftTest.debug.xcconfig */ = {isa = PBXFileReference; includeInIndex = 1; lastKnownFileType = text.xcconfig; name = "Pods-RxSwiftTest.debug.xcconfig"; path = "Target Support Files/Pods-RxSwiftTest/Pods-RxSwiftTest.debug.xcconfig"; sourceTree = "<group>"; };
		A989BF5EDB0919C5BEA6AC88 /* Pods_RxSwiftTest.framework */ = {isa = PBXFileReference; explicitFileType = wrapper.framework; includeInIndex = 0; path = Pods_RxSwiftTest.framework; sourceTree = BUILT_PRODUCTS_DIR; };
/* End PBXFileReference section */

/* Begin PBXFrameworksBuildPhase section */
		677826D925640264001326D9 /* Frameworks */ = {
			isa = PBXFrameworksBuildPhase;
			buildActionMask = 2147483647;
			files = (
				DE529C9F9FABC451F55E3336 /* Pods_RxSwiftTest.framework in Frameworks */,
			);
			runOnlyForDeploymentPostprocessing = 0;
		};
/* End PBXFrameworksBuildPhase section */

/* Begin PBXGroup section */
		677826D325640264001326D9 = {
			isa = PBXGroup;
			children = (
				677826DE25640264001326D9 /* RxSwiftTest */,
				677826DD25640264001326D9 /* Products */,
				F2F5CF62FE93706306044173 /* Pods */,
				85C447F9CC440D5266E89011 /* Frameworks */,
			);
			sourceTree = "<group>";
		};
		677826DD25640264001326D9 /* Products */ = {
			isa = PBXGroup;
			children = (
				677826DC25640264001326D9 /* RxSwiftTest.app */,
			);
			name = Products;
			sourceTree = "<group>";
		};
		677826DE25640264001326D9 /* RxSwiftTest */ = {
			isa = PBXGroup;
			children = (
				6778270825640299001326D9 /* Home */,
				677826F825640282001326D9 /* Project */,
				677826F62564027B001326D9 /* Utils */,
				677826ED25640264001326D9 /* Info.plist */,
			);
			path = RxSwiftTest;
			sourceTree = "<group>";
		};
		677826F62564027B001326D9 /* Utils */ = {
			isa = PBXGroup;
			children = (
				677826E825640264001326D9 /* Assets.xcassets */,
				677826EA25640264001326D9 /* LaunchScreen.storyboard */,
			);
			path = Utils;
			sourceTree = "<group>";
		};
		677826F825640282001326D9 /* Project */ = {
			isa = PBXGroup;
			children = (
				677826DF25640264001326D9 /* AppDelegate.swift */,
				677826E125640264001326D9 /* SceneDelegate.swift */,
			);
			path = Project;
			sourceTree = "<group>";
		};
		6778270825640299001326D9 /* Home */ = {
			isa = PBXGroup;
			children = (
				6778270D25640299001326D9 /* View */,
				6778271225640299001326D9 /* Interactor */,
				6778271025640299001326D9 /* Protocols */,
				6778270925640299001326D9 /* Presenter */,
				6778270B25640299001326D9 /* Model */,
				6778271425640299001326D9 /* Router */,
			);
			path = Home;
			sourceTree = "<group>";
		};
		6778270925640299001326D9 /* Presenter */ = {
			isa = PBXGroup;
			children = (
				6778270A25640299001326D9 /* HomePresenter.swift */,
			);
			path = Presenter;
			sourceTree = "<group>";
		};
		6778270B25640299001326D9 /* Model */ = {
			isa = PBXGroup;
			children = (
				6778270C25640299001326D9 /* HomeModel.swift */,
			);
			path = Model;
			sourceTree = "<group>";
		};
		6778270D25640299001326D9 /* View */ = {
			isa = PBXGroup;
			children = (
				6778270E25640299001326D9 /* HomeView.swift */,
				6778270F25640299001326D9 /* HomeView.xib */,
			);
			path = View;
			sourceTree = "<group>";
		};
		6778271025640299001326D9 /* Protocols */ = {
			isa = PBXGroup;
			children = (
				6778271125640299001326D9 /* HomeProtocols.swift */,
			);
			path = Protocols;
			sourceTree = "<group>";
		};
		6778271225640299001326D9 /* Interactor */ = {
			isa = PBXGroup;
			children = (
				6778271325640299001326D9 /* HomeInteractor.swift */,
			);
			path = Interactor;
			sourceTree = "<group>";
		};
		6778271425640299001326D9 /* Router */ = {
			isa = PBXGroup;
			children = (
				6778271525640299001326D9 /* HomeRouter.swift */,
			);
			path = Router;
			sourceTree = "<group>";
		};
		85C447F9CC440D5266E89011 /* Frameworks */ = {
			isa = PBXGroup;
			children = (
				A989BF5EDB0919C5BEA6AC88 /* Pods_RxSwiftTest.framework */,
			);
			name = Frameworks;
			sourceTree = "<group>";
		};
		F2F5CF62FE93706306044173 /* Pods */ = {
			isa = PBXGroup;
			children = (
				A61986F700137CC8F5266404 /* Pods-RxSwiftTest.debug.xcconfig */,
				127FFB647577EC102B68E459 /* Pods-RxSwiftTest.release.xcconfig */,
			);
			name = Pods;
			path = Pods;
			sourceTree = "<group>";
		};
/* End PBXGroup section */

/* Begin PBXNativeTarget section */
		677826DB25640264001326D9 /* RxSwiftTest */ = {
			isa = PBXNativeTarget;
			buildConfigurationList = 677826F025640264001326D9 /* Build configuration list for PBXNativeTarget "RxSwiftTest" */;
			buildPhases = (
				66E0A47751AC7E7A52C2325C /* [CP] Check Pods Manifest.lock */,
				677826D825640264001326D9 /* Sources */,
				677826D925640264001326D9 /* Frameworks */,
				677826DA25640264001326D9 /* Resources */,
				D6AEADFD2CF54AB66C95D91F /* [CP] Embed Pods Frameworks */,
			);
			buildRules = (
			);
			dependencies = (
			);
			name = RxSwiftTest;
			productName = RxSwiftTest;
			productReference = 677826DC25640264001326D9 /* RxSwiftTest.app */;
			productType = "com.apple.product-type.application";
		};
/* End PBXNativeTarget section */

/* Begin PBXProject section */
		677826D425640264001326D9 /* Project object */ = {
			isa = PBXProject;
			attributes = {
				LastSwiftUpdateCheck = 1200;
				LastUpgradeCheck = 1200;
				ORGANIZATIONNAME = RxSwiftTest;
				TargetAttributes = {
					677826DB25640264001326D9 = {
						CreatedOnToolsVersion = 12.0.1;
					};
				};
			};
			buildConfigurationList = 677826D725640264001326D9 /* Build configuration list for PBXProject "RxSwiftTest" */;
			compatibilityVersion = "Xcode 9.3";
			developmentRegion = en;
			hasScannedForEncodings = 0;
			knownRegions = (
				en,
				Base,
			);
			mainGroup = 677826D325640264001326D9;
			productRefGroup = 677826DD25640264001326D9 /* Products */;
			projectDirPath = "";
			projectRoot = "";
			targets = (
				677826DB25640264001326D9 /* RxSwiftTest */,
			);
		};
/* End PBXProject section */

/* Begin PBXResourcesBuildPhase section */
		677826DA25640264001326D9 /* Resources */ = {
			isa = PBXResourcesBuildPhase;
			buildActionMask = 2147483647;
			files = (
				677826EC25640264001326D9 /* LaunchScreen.storyboard in Resources */,
				677826E925640264001326D9 /* Assets.xcassets in Resources */,
				6778271925640299001326D9 /* HomeView.xib in Resources */,
			);
			runOnlyForDeploymentPostprocessing = 0;
		};
/* End PBXResourcesBuildPhase section */

/* Begin PBXShellScriptBuildPhase section */
		66E0A47751AC7E7A52C2325C /* [CP] Check Pods Manifest.lock */ = {
			isa = PBXShellScriptBuildPhase;
			buildActionMask = 2147483647;
			files = (
			);
			inputFileListPaths = (
			);
			inputPaths = (
				"${PODS_PODFILE_DIR_PATH}/Podfile.lock",
				"${PODS_ROOT}/Manifest.lock",
			);
			name = "[CP] Check Pods Manifest.lock";
			outputFileListPaths = (
			);
			outputPaths = (
				"$(DERIVED_FILE_DIR)/Pods-RxSwiftTest-checkManifestLockResult.txt",
			);
			runOnlyForDeploymentPostprocessing = 0;
			shellPath = /bin/sh;
			shellScript = "diff \"${PODS_PODFILE_DIR_PATH}/Podfile.lock\" \"${PODS_ROOT}/Manifest.lock\" > /dev/null\nif [ $? != 0 ] ; then\n    # print error to STDERR\n    echo \"error: The sandbox is not in sync with the Podfile.lock. Run 'pod install' or update your CocoaPods installation.\" >&2\n    exit 1\nfi\n# This output is used by Xcode 'outputs' to avoid re-running this script phase.\necho \"SUCCESS\" > \"${SCRIPT_OUTPUT_FILE_0}\"\n";
			showEnvVarsInLog = 0;
		};
		D6AEADFD2CF54AB66C95D91F /* [CP] Embed Pods Frameworks */ = {
			isa = PBXShellScriptBuildPhase;
			buildActionMask = 2147483647;
			files = (
			);
			inputFileListPaths = (
				"${PODS_ROOT}/Target Support Files/Pods-RxSwiftTest/Pods-RxSwiftTest-frameworks-${CONFIGURATION}-input-files.xcfilelist",
			);
			name = "[CP] Embed Pods Frameworks";
			outputFileListPaths = (
				"${PODS_ROOT}/Target Support Files/Pods-RxSwiftTest/Pods-RxSwiftTest-frameworks-${CONFIGURATION}-output-files.xcfilelist",
			);
			runOnlyForDeploymentPostprocessing = 0;
			shellPath = /bin/sh;
			shellScript = "\"${PODS_ROOT}/Target Support Files/Pods-RxSwiftTest/Pods-RxSwiftTest-frameworks.sh\"\n";
			showEnvVarsInLog = 0;
		};
/* End PBXShellScriptBuildPhase section */

/* Begin PBXSourcesBuildPhase section */
		677826D825640264001326D9 /* Sources */ = {
			isa = PBXSourcesBuildPhase;
			buildActionMask = 2147483647;
			files = (
				6778271725640299001326D9 /* HomeModel.swift in Sources */,
				6778271625640299001326D9 /* HomePresenter.swift in Sources */,
				677826E025640264001326D9 /* AppDelegate.swift in Sources */,
				6778271825640299001326D9 /* HomeView.swift in Sources */,
				6778271A25640299001326D9 /* HomeProtocols.swift in Sources */,
				6778271C25640299001326D9 /* HomeRouter.swift in Sources */,
				677826E225640264001326D9 /* SceneDelegate.swift in Sources */,
				6778271B25640299001326D9 /* HomeInteractor.swift in Sources */,
			);
			runOnlyForDeploymentPostprocessing = 0;
		};
/* End PBXSourcesBuildPhase section */

/* Begin PBXVariantGroup section */
		677826EA25640264001326D9 /* LaunchScreen.storyboard */ = {
			isa = PBXVariantGroup;
			children = (
				677826EB25640264001326D9 /* Base */,
			);
			name = LaunchScreen.storyboard;
			sourceTree = "<group>";
		};
/* End PBXVariantGroup section */

/* Begin XCBuildConfiguration section */
		677826EE25640264001326D9 /* Debug */ = {
			isa = XCBuildConfiguration;
			buildSettings = {
				ALWAYS_SEARCH_USER_PATHS = NO;
				CLANG_ANALYZER_NONNULL = YES;
				CLANG_ANALYZER_NUMBER_OBJECT_CONVERSION = YES_AGGRESSIVE;
				CLANG_CXX_LANGUAGE_STANDARD = "gnu++14";
				CLANG_CXX_LIBRARY = "libc++";
				CLANG_ENABLE_MODULES = YES;
				CLANG_ENABLE_OBJC_ARC = YES;
				CLANG_ENABLE_OBJC_WEAK = YES;
				CLANG_WARN_BLOCK_CAPTURE_AUTORELEASING = YES;
				CLANG_WARN_BOOL_CONVERSION = YES;
				CLANG_WARN_COMMA = YES;
				CLANG_WARN_CONSTANT_CONVERSION = YES;
				CLANG_WARN_DEPRECATED_OBJC_IMPLEMENTATIONS = YES;
				CLANG_WARN_DIRECT_OBJC_ISA_USAGE = YES_ERROR;
				CLANG_WARN_DOCUMENTATION_COMMENTS = YES;
				CLANG_WARN_EMPTY_BODY = YES;
				CLANG_WARN_ENUM_CONVERSION = YES;
				CLANG_WARN_INFINITE_RECURSION = YES;
				CLANG_WARN_INT_CONVERSION = YES;
				CLANG_WARN_NON_LITERAL_NULL_CONVERSION = YES;
				CLANG_WARN_OBJC_IMPLICIT_RETAIN_SELF = YES;
				CLANG_WARN_OBJC_LITERAL_CONVERSION = YES;
				CLANG_WARN_OBJC_ROOT_CLASS = YES_ERROR;
				CLANG_WARN_QUOTED_INCLUDE_IN_FRAMEWORK_HEADER = YES;
				CLANG_WARN_RANGE_LOOP_ANALYSIS = YES;
				CLANG_WARN_STRICT_PROTOTYPES = YES;
				CLANG_WARN_SUSPICIOUS_MOVE = YES;
				CLANG_WARN_UNGUARDED_AVAILABILITY = YES_AGGRESSIVE;
				CLANG_WARN_UNREACHABLE_CODE = YES;
				CLANG_WARN__DUPLICATE_METHOD_MATCH = YES;
				COPY_PHASE_STRIP = NO;
				DEBUG_INFORMATION_FORMAT = dwarf;
				ENABLE_STRICT_OBJC_MSGSEND = YES;
				ENABLE_TESTABILITY = YES;
				GCC_C_LANGUAGE_STANDARD = gnu11;
				GCC_DYNAMIC_NO_PIC = NO;
				GCC_NO_COMMON_BLOCKS = YES;
				GCC_OPTIMIZATION_LEVEL = 0;
				GCC_PREPROCESSOR_DEFINITIONS = (
					"DEBUG=1",
					"$(inherited)",
				);
				GCC_WARN_64_TO_32_BIT_CONVERSION = YES;
				GCC_WARN_ABOUT_RETURN_TYPE = YES_ERROR;
				GCC_WARN_UNDECLARED_SELECTOR = YES;
				GCC_WARN_UNINITIALIZED_AUTOS = YES_AGGRESSIVE;
				GCC_WARN_UNUSED_FUNCTION = YES;
				GCC_WARN_UNUSED_VARIABLE = YES;
				IPHONEOS_DEPLOYMENT_TARGET = 14.0;
				MTL_ENABLE_DEBUG_INFO = INCLUDE_SOURCE;
				MTL_FAST_MATH = YES;
				ONLY_ACTIVE_ARCH = YES;
				SDKROOT = iphoneos;
				SWIFT_ACTIVE_COMPILATION_CONDITIONS = DEBUG;
				SWIFT_OPTIMIZATION_LEVEL = "-Onone";
			};
			name = Debug;
		};
		677826EF25640264001326D9 /* Release */ = {
			isa = XCBuildConfiguration;
			buildSettings = {
				ALWAYS_SEARCH_USER_PATHS = NO;
				CLANG_ANALYZER_NONNULL = YES;
				CLANG_ANALYZER_NUMBER_OBJECT_CONVERSION = YES_AGGRESSIVE;
				CLANG_CXX_LANGUAGE_STANDARD = "gnu++14";
				CLANG_CXX_LIBRARY = "libc++";
				CLANG_ENABLE_MODULES = YES;
				CLANG_ENABLE_OBJC_ARC = YES;
				CLANG_ENABLE_OBJC_WEAK = YES;
				CLANG_WARN_BLOCK_CAPTURE_AUTORELEASING = YES;
				CLANG_WARN_BOOL_CONVERSION = YES;
				CLANG_WARN_COMMA = YES;
				CLANG_WARN_CONSTANT_CONVERSION = YES;
				CLANG_WARN_DEPRECATED_OBJC_IMPLEMENTATIONS = YES;
				CLANG_WARN_DIRECT_OBJC_ISA_USAGE = YES_ERROR;
				CLANG_WARN_DOCUMENTATION_COMMENTS = YES;
				CLANG_WARN_EMPTY_BODY = YES;
				CLANG_WARN_ENUM_CONVERSION = YES;
				CLANG_WARN_INFINITE_RECURSION = YES;
				CLANG_WARN_INT_CONVERSION = YES;
				CLANG_WARN_NON_LITERAL_NULL_CONVERSION = YES;
				CLANG_WARN_OBJC_IMPLICIT_RETAIN_SELF = YES;
				CLANG_WARN_OBJC_LITERAL_CONVERSION = YES;
				CLANG_WARN_OBJC_ROOT_CLASS = YES_ERROR;
				CLANG_WARN_QUOTED_INCLUDE_IN_FRAMEWORK_HEADER = YES;
				CLANG_WARN_RANGE_LOOP_ANALYSIS = YES;
				CLANG_WARN_STRICT_PROTOTYPES = YES;
				CLANG_WARN_SUSPICIOUS_MOVE = YES;
				CLANG_WARN_UNGUARDED_AVAILABILITY = YES_AGGRESSIVE;
				CLANG_WARN_UNREACHABLE_CODE = YES;
				CLANG_WARN__DUPLICATE_METHOD_MATCH = YES;
				COPY_PHASE_STRIP = NO;
				DEBUG_INFORMATION_FORMAT = "dwarf-with-dsym";
				ENABLE_NS_ASSERTIONS = NO;
				ENABLE_STRICT_OBJC_MSGSEND = YES;
				GCC_C_LANGUAGE_STANDARD = gnu11;
				GCC_NO_COMMON_BLOCKS = YES;
				GCC_WARN_64_TO_32_BIT_CONVERSION = YES;
				GCC_WARN_ABOUT_RETURN_TYPE = YES_ERROR;
				GCC_WARN_UNDECLARED_SELECTOR = YES;
				GCC_WARN_UNINITIALIZED_AUTOS = YES_AGGRESSIVE;
				GCC_WARN_UNUSED_FUNCTION = YES;
				GCC_WARN_UNUSED_VARIABLE = YES;
				IPHONEOS_DEPLOYMENT_TARGET = 14.0;
				MTL_ENABLE_DEBUG_INFO = NO;
				MTL_FAST_MATH = YES;
				SDKROOT = iphoneos;
				SWIFT_COMPILATION_MODE = wholemodule;
				SWIFT_OPTIMIZATION_LEVEL = "-O";
				VALIDATE_PRODUCT = YES;
			};
			name = Release;
		};
		677826F125640264001326D9 /* Debug */ = {
			isa = XCBuildConfiguration;
			baseConfigurationReference = A61986F700137CC8F5266404 /* Pods-RxSwiftTest.debug.xcconfig */;
			buildSettings = {
				ASSETCATALOG_COMPILER_APPICON_NAME = AppIcon;
				ASSETCATALOG_COMPILER_GLOBAL_ACCENT_COLOR_NAME = AccentColor;
				CODE_SIGN_STYLE = Automatic;
				DEVELOPMENT_TEAM = R4MG5ZD2AJ;
				INFOPLIST_FILE = RxSwiftTest/Info.plist;
				LD_RUNPATH_SEARCH_PATHS = (
					"$(inherited)",
					"@executable_path/Frameworks",
				);
				PRODUCT_BUNDLE_IDENTIFIER = AFSopra.RxSwiftTest;
				PRODUCT_NAME = "$(TARGET_NAME)";
				SWIFT_VERSION = 5.0;
				TARGETED_DEVICE_FAMILY = 1;
			};
			name = Debug;
		};
		677826F225640264001326D9 /* Release */ = {
			isa = XCBuildConfiguration;
			baseConfigurationReference = 127FFB647577EC102B68E459 /* Pods-RxSwiftTest.release.xcconfig */;
			buildSettings = {
				ASSETCATALOG_COMPILER_APPICON_NAME = AppIcon;
				ASSETCATALOG_COMPILER_GLOBAL_ACCENT_COLOR_NAME = AccentColor;
				CODE_SIGN_STYLE = Automatic;
				DEVELOPMENT_TEAM = R4MG5ZD2AJ;
				INFOPLIST_FILE = RxSwiftTest/Info.plist;
				LD_RUNPATH_SEARCH_PATHS = (
					"$(inherited)",
					"@executable_path/Frameworks",
				);
				PRODUCT_BUNDLE_IDENTIFIER = AFSopra.RxSwiftTest;
				PRODUCT_NAME = "$(TARGET_NAME)";
				SWIFT_VERSION = 5.0;
				TARGETED_DEVICE_FAMILY = 1;
			};
			name = Release;
		};
/* End XCBuildConfiguration section */

/* Begin XCConfigurationList section */
		677826D725640264001326D9 /* Build configuration list for PBXProject "RxSwiftTest" */ = {
			isa = XCConfigurationList;
			buildConfigurations = (
				677826EE25640264001326D9 /* Debug */,
				677826EF25640264001326D9 /* Release */,
			);
			defaultConfigurationIsVisible = 0;
			defaultConfigurationName = Release;
		};
		677826F025640264001326D9 /* Build configuration list for PBXNativeTarget "RxSwiftTest" */ = {
			isa = XCConfigurationList;
			buildConfigurations = (
				677826F125640264001326D9 /* Debug */,
				677826F225640264001326D9 /* Release */,
			);
			defaultConfigurationIsVisible = 0;
			defaultConfigurationName = Release;
		};
/* End XCConfigurationList section */
	};
	rootObject = 677826D425640264001326D9 /* Project object */;
}
